// !$*UTF8*$!
{
	archiveVersion = 1;
	classes = {
	};
	objectVersion = 77;
	objects = {

/* Begin PBXBuildFile section */
		8A4B14C02E024C55007D6402 /* MM2.swift in Sources */ = {isa = PBXBuildFile; fileRef = 8A4B14BE2E024C55007D6402 /* MM2.swift */; };
		8AA5FEF82E04F37200BD9166 /* MM4.swift in Sources */ = {isa = PBXBuildFile; fileRef = 8AA5FEF72E04F37200BD9166 /* MM4.swift */; };
		8AD2A5922E08E138002DC7B8 /* Map.swift in Sources */ = {isa = PBXBuildFile; fileRef = 8AD2A5912E08E136002DC7B8 /* Map.swift */; };
		8AD2A5932E08E138002DC7B8 /* Map.swift in Sources */ = {isa = PBXBuildFile; fileRef = 8AD2A5912E08E136002DC7B8 /* Map.swift */; };
		8AE9D6082E0288A7007DC796 /* MM3.swift in Sources */ = {isa = PBXBuildFile; fileRef = 8AE9D6052E0288A7007DC796 /* MM3.swift */; };
		E3217AC02E098C6B002F4D80 /* MapTests.swift in Sources */ = {isa = PBXBuildFile; fileRef = E3217ABF2E098C69002F4D80 /* MapTests.swift */; };
		E3234A362E18B50D00ADC1DE /* MM6.swift in Sources */ = {isa = PBXBuildFile; fileRef = E3234A352E18B50D00ADC1DE /* MM6.swift */; };
		E3234A372E18B50D00ADC1DE /* MM6.swift in Sources */ = {isa = PBXBuildFile; fileRef = E3234A352E18B50D00ADC1DE /* MM6.swift */; };
		E32622F42E1F766A00213285 /* MM8.swift in Sources */ = {isa = PBXBuildFile; fileRef = E32622F32E1F766A00213285 /* MM8.swift */; };
		E32622F52E1F766A00213285 /* MM8.swift in Sources */ = {isa = PBXBuildFile; fileRef = E32622F32E1F766A00213285 /* MM8.swift */; };
		E32622F72E1FB11000213285 /* MM9.swift in Sources */ = {isa = PBXBuildFile; fileRef = E32622F62E1FB11000213285 /* MM9.swift */; };
		E32622F82E1FB11000213285 /* MM9.swift in Sources */ = {isa = PBXBuildFile; fileRef = E32622F62E1FB11000213285 /* MM9.swift */; };
		E32622FA2E213BD200213285 /* MM10_NOSwiftUI.swift in Sources */ = {isa = PBXBuildFile; fileRef = E32622F92E213BD200213285 /* MM10_NOSwiftUI.swift */; };
		E32622FB2E213BD200213285 /* MM10_NOSwiftUI.swift in Sources */ = {isa = PBXBuildFile; fileRef = E32622F92E213BD200213285 /* MM10_NOSwiftUI.swift */; };
		E32622FF2E21F8E200213285 /* FoodExample.swift in Sources */ = {isa = PBXBuildFile; fileRef = E32622FE2E21F8D600213285 /* FoodExample.swift */; };
		E32BC7FF2E1D4DE00003C473 /* MM7.swift in Sources */ = {isa = PBXBuildFile; fileRef = E32BC7FE2E1D4DE00003C473 /* MM7.swift */; };
		E32BC8002E1D4DE00003C473 /* MM7.swift in Sources */ = {isa = PBXBuildFile; fileRef = E32BC7FE2E1D4DE00003C473 /* MM7.swift */; };
		E32F0A472E04433C0082DD23 /* MM3b.swift in Sources */ = {isa = PBXBuildFile; fileRef = E32F0A462E04433C0082DD23 /* MM3b.swift */; };
		E32F0A492E044FE30082DD23 /* MegaMartView2.swift in Sources */ = {isa = PBXBuildFile; fileRef = E32F0A482E044FE30082DD23 /* MegaMartView2.swift */; };
		E34261782E240EFE00B9CB74 /* WithLogging.swift in Sources */ = {isa = PBXBuildFile; fileRef = E34261772E240EF600B9CB74 /* WithLogging.swift */; };
		E361DE442E00544A007E10BE /* ContentView.swift in Sources */ = {isa = PBXBuildFile; fileRef = E361DE402E00544A007E10BE /* ContentView.swift */; };
		E361DE452E00544A007E10BE /* FPApp.swift in Sources */ = {isa = PBXBuildFile; fileRef = E361DE422E00544A007E10BE /* FPApp.swift */; };
		E361DE462E00544A007E10BE /* Preview Assets.xcassets in Resources */ = {isa = PBXBuildFile; fileRef = E361DE3D2E00544A007E10BE /* Preview Assets.xcassets */; };
		E361DE472E00544A007E10BE /* Assets.xcassets in Resources */ = {isa = PBXBuildFile; fileRef = E361DE3F2E00544A007E10BE /* Assets.xcassets */; };
		E361DE4A2E0054FC007E10BE /* CouponEmailView.swift in Sources */ = {isa = PBXBuildFile; fileRef = E361DE492E0054BD007E10BE /* CouponEmailView.swift */; };
		E361DE4D2E0055B5007E10BE /* MegaMartView.swift in Sources */ = {isa = PBXBuildFile; fileRef = E361DE4C2E0055AF007E10BE /* MegaMartView.swift */; };
		E361DE4F2E0056B2007E10BE /* CE2.swift in Sources */ = {isa = PBXBuildFile; fileRef = E361DE4E2E0056AF007E10BE /* CE2.swift */; };
		E361DE512E0056C2007E10BE /* MM1.swift in Sources */ = {isa = PBXBuildFile; fileRef = E361DE502E0056C1007E10BE /* MM1.swift */; };
		E376ABB52E11799A0023B408 /* MM2.swift in Sources */ = {isa = PBXBuildFile; fileRef = 8A4B14BE2E024C55007D6402 /* MM2.swift */; };
		E376ABB72E117CDE0023B408 /* ArrayTests.swift in Sources */ = {isa = PBXBuildFile; fileRef = E376ABB62E117CD90023B408 /* ArrayTests.swift */; };
		E394BEBA2E22A50D007488DD /* MM11.swift in Sources */ = {isa = PBXBuildFile; fileRef = E394BEB92E22A50D007488DD /* MM11.swift */; };
		E394BEBB2E22A50D007488DD /* MM11.swift in Sources */ = {isa = PBXBuildFile; fileRef = E394BEB92E22A50D007488DD /* MM11.swift */; };
		E3BA25612E0797CA00F4DEA7 /* Array.swift in Sources */ = {isa = PBXBuildFile; fileRef = E3BA25602E0797C700F4DEA7 /* Array.swift */; };
		E3BA25632E07D8BF00F4DEA7 /* Copy.swift in Sources */ = {isa = PBXBuildFile; fileRef = E3BA25622E07D8BC00F4DEA7 /* Copy.swift */; };
		E3BA25EC2E07DE9100F4DEA7 /* CopyTests.swift in Sources */ = {isa = PBXBuildFile; fileRef = E3BA25EB2E07DE8C00F4DEA7 /* CopyTests.swift */; };
		E3BA25ED2E07DF4A00F4DEA7 /* Copy.swift in Sources */ = {isa = PBXBuildFile; fileRef = E3BA25622E07D8BC00F4DEA7 /* Copy.swift */; };
		E3C7C1EB2E122BEA006177BE /* Array.swift in Sources */ = {isa = PBXBuildFile; fileRef = E3BA25602E0797C700F4DEA7 /* Array.swift */; };
		E3C7C1ED2E123CD5006177BE /* MM5.swift in Sources */ = {isa = PBXBuildFile; fileRef = E3C7C1EC2E123CD5006177BE /* MM5.swift */; };
		E3C7C1EE2E12419E006177BE /* MM5.swift in Sources */ = {isa = PBXBuildFile; fileRef = E3C7C1EC2E123CD5006177BE /* MM5.swift */; };
		E3EC69532E252DC600911C72 /* Arithmetic.swift in Sources */ = {isa = PBXBuildFile; fileRef = E3EC69522E252DAD00911C72 /* Arithmetic.swift */; };
/* End PBXBuildFile section */

/* Begin PBXContainerItemProxy section */
		E3BA25832E07DCA700F4DEA7 /* PBXContainerItemProxy */ = {
			isa = PBXContainerItemProxy;
			containerPortal = E361DE152E004F1A007E10BE /* Project object */;
			proxyType = 1;
			remoteGlobalIDString = E361DE1C2E004F1A007E10BE;
			remoteInfo = FP;
		};
/* End PBXContainerItemProxy section */

/* Begin PBXFileReference section */
		8A4B14BE2E024C55007D6402 /* MM2.swift */ = {isa = PBXFileReference; lastKnownFileType = sourcecode.swift; path = MM2.swift; sourceTree = "<group>"; };
		8AA5FEF72E04F37200BD9166 /* MM4.swift */ = {isa = PBXFileReference; lastKnownFileType = sourcecode.swift; path = MM4.swift; sourceTree = "<group>"; };
		8AD2A5912E08E136002DC7B8 /* Map.swift */ = {isa = PBXFileReference; lastKnownFileType = sourcecode.swift; path = Map.swift; sourceTree = "<group>"; };
		8AE9D6052E0288A7007DC796 /* MM3.swift */ = {isa = PBXFileReference; lastKnownFileType = sourcecode.swift; path = MM3.swift; sourceTree = "<group>"; };
		E3217ABF2E098C69002F4D80 /* MapTests.swift */ = {isa = PBXFileReference; lastKnownFileType = sourcecode.swift; path = MapTests.swift; sourceTree = "<group>"; };
		E3234A352E18B50D00ADC1DE /* MM6.swift */ = {isa = PBXFileReference; lastKnownFileType = sourcecode.swift; path = MM6.swift; sourceTree = "<group>"; };
		E32622F32E1F766A00213285 /* MM8.swift */ = {isa = PBXFileReference; lastKnownFileType = sourcecode.swift; path = MM8.swift; sourceTree = "<group>"; };
		E32622F62E1FB11000213285 /* MM9.swift */ = {isa = PBXFileReference; lastKnownFileType = sourcecode.swift; path = MM9.swift; sourceTree = "<group>"; };
		E32622F92E213BD200213285 /* MM10_NOSwiftUI.swift */ = {isa = PBXFileReference; lastKnownFileType = sourcecode.swift; path = MM10_NOSwiftUI.swift; sourceTree = "<group>"; };
		E32622FE2E21F8D600213285 /* FoodExample.swift */ = {isa = PBXFileReference; lastKnownFileType = sourcecode.swift; path = FoodExample.swift; sourceTree = "<group>"; };
		E32BC7FE2E1D4DE00003C473 /* MM7.swift */ = {isa = PBXFileReference; lastKnownFileType = sourcecode.swift; path = MM7.swift; sourceTree = "<group>"; };
		E32F0A462E04433C0082DD23 /* MM3b.swift */ = {isa = PBXFileReference; lastKnownFileType = sourcecode.swift; path = MM3b.swift; sourceTree = "<group>"; };
		E32F0A482E044FE30082DD23 /* MegaMartView2.swift */ = {isa = PBXFileReference; lastKnownFileType = sourcecode.swift; path = MegaMartView2.swift; sourceTree = "<group>"; };
		E34261772E240EF600B9CB74 /* WithLogging.swift */ = {isa = PBXFileReference; lastKnownFileType = sourcecode.swift; path = WithLogging.swift; sourceTree = "<group>"; };
		E361DE1D2E004F1A007E10BE /* FP.app */ = {isa = PBXFileReference; explicitFileType = wrapper.application; includeInIndex = 0; path = FP.app; sourceTree = BUILT_PRODUCTS_DIR; };
		E361DE3D2E00544A007E10BE /* Preview Assets.xcassets */ = {isa = PBXFileReference; lastKnownFileType = folder.assetcatalog; path = "Preview Assets.xcassets"; sourceTree = "<group>"; };
		E361DE3F2E00544A007E10BE /* Assets.xcassets */ = {isa = PBXFileReference; lastKnownFileType = folder.assetcatalog; path = Assets.xcassets; sourceTree = "<group>"; };
		E361DE402E00544A007E10BE /* ContentView.swift */ = {isa = PBXFileReference; lastKnownFileType = sourcecode.swift; path = ContentView.swift; sourceTree = "<group>"; };
		E361DE412E00544A007E10BE /* FP.entitlements */ = {isa = PBXFileReference; lastKnownFileType = text.plist.entitlements; path = FP.entitlements; sourceTree = "<group>"; };
		E361DE422E00544A007E10BE /* FPApp.swift */ = {isa = PBXFileReference; lastKnownFileType = sourcecode.swift; path = FPApp.swift; sourceTree = "<group>"; };
		E361DE492E0054BD007E10BE /* CouponEmailView.swift */ = {isa = PBXFileReference; lastKnownFileType = sourcecode.swift; path = CouponEmailView.swift; sourceTree = "<group>"; };
		E361DE4C2E0055AF007E10BE /* MegaMartView.swift */ = {isa = PBXFileReference; lastKnownFileType = sourcecode.swift; path = MegaMartView.swift; sourceTree = "<group>"; };
		E361DE4E2E0056AF007E10BE /* CE2.swift */ = {isa = PBXFileReference; lastKnownFileType = sourcecode.swift; path = CE2.swift; sourceTree = "<group>"; };
		E361DE502E0056C1007E10BE /* MM1.swift */ = {isa = PBXFileReference; lastKnownFileType = sourcecode.swift; path = MM1.swift; sourceTree = "<group>"; };
		E376ABB62E117CD90023B408 /* ArrayTests.swift */ = {isa = PBXFileReference; lastKnownFileType = sourcecode.swift; path = ArrayTests.swift; sourceTree = "<group>"; };
		E394BEB92E22A50D007488DD /* MM11.swift */ = {isa = PBXFileReference; lastKnownFileType = sourcecode.swift; path = MM11.swift; sourceTree = "<group>"; };
		E3BA25602E0797C700F4DEA7 /* Array.swift */ = {isa = PBXFileReference; lastKnownFileType = sourcecode.swift; path = Array.swift; sourceTree = "<group>"; };
		E3BA25622E07D8BC00F4DEA7 /* Copy.swift */ = {isa = PBXFileReference; lastKnownFileType = sourcecode.swift; path = Copy.swift; sourceTree = "<group>"; };
		E3BA257F2E07DCA700F4DEA7 /* FPTests.xctest */ = {isa = PBXFileReference; explicitFileType = wrapper.cfbundle; includeInIndex = 0; path = FPTests.xctest; sourceTree = BUILT_PRODUCTS_DIR; };
		E3BA25EB2E07DE8C00F4DEA7 /* CopyTests.swift */ = {isa = PBXFileReference; lastKnownFileType = sourcecode.swift; path = CopyTests.swift; sourceTree = "<group>"; };
		E3C7C1EC2E123CD5006177BE /* MM5.swift */ = {isa = PBXFileReference; lastKnownFileType = sourcecode.swift; path = MM5.swift; sourceTree = "<group>"; };
		E3EC69522E252DAD00911C72 /* Arithmetic.swift */ = {isa = PBXFileReference; lastKnownFileType = sourcecode.swift; path = Arithmetic.swift; sourceTree = "<group>"; };
/* End PBXFileReference section */

/* Begin PBXFrameworksBuildPhase section */
		E361DE1A2E004F1A007E10BE /* Frameworks */ = {
			isa = PBXFrameworksBuildPhase;
			buildActionMask = 2147483647;
			files = (
			);
			runOnlyForDeploymentPostprocessing = 0;
		};
		E3BA257C2E07DCA700F4DEA7 /* Frameworks */ = {
			isa = PBXFrameworksBuildPhase;
			buildActionMask = 2147483647;
			files = (
			);
			runOnlyForDeploymentPostprocessing = 0;
		};
/* End PBXFrameworksBuildPhase section */

/* Begin PBXGroup section */
		E32622FC2E21F8A900213285 /* FirstClass */ = {
			isa = PBXGroup;
			children = (
				E32622FD2E21F8C000213285 /* HighOrder */,
			);
			path = FirstClass;
			sourceTree = "<group>";
		};
		E32622FD2E21F8C000213285 /* HighOrder */ = {
			isa = PBXGroup;
			children = (
				E3EC69522E252DAD00911C72 /* Arithmetic.swift */,
				E34261772E240EF600B9CB74 /* WithLogging.swift */,
				E32622FE2E21F8D600213285 /* FoodExample.swift */,
			);
			path = HighOrder;
			sourceTree = "<group>";
		};
		E361DE142E004F1A007E10BE = {
			isa = PBXGroup;
			children = (
				E361DE432E00544A007E10BE /* FP */,
				E3BA25892E07DD7400F4DEA7 /* FPTests */,
				E361DE1E2E004F1A007E10BE /* Products */,
			);
			sourceTree = "<group>";
		};
		E361DE1E2E004F1A007E10BE /* Products */ = {
			isa = PBXGroup;
			children = (
				E361DE1D2E004F1A007E10BE /* FP.app */,
				E3BA257F2E07DCA700F4DEA7 /* FPTests.xctest */,
			);
			name = Products;
			sourceTree = "<group>";
		};
		E361DE3E2E00544A007E10BE /* Preview Content */ = {
			isa = PBXGroup;
			children = (
				E361DE3D2E00544A007E10BE /* Preview Assets.xcassets */,
			);
			path = "Preview Content";
			sourceTree = "<group>";
		};
		E361DE432E00544A007E10BE /* FP */ = {
			isa = PBXGroup;
			children = (
				E3BA255F2E0797BF00F4DEA7 /* Utility */,
				E361DE482E005474007E10BE /* CouponEmail-1 */,
				E361DE4B2E005503007E10BE /* MegaMart-2 */,
				E32622FC2E21F8A900213285 /* FirstClass */,
				E361DE402E00544A007E10BE /* ContentView.swift */,
				E361DE422E00544A007E10BE /* FPApp.swift */,
				E361DE412E00544A007E10BE /* FP.entitlements */,
				E361DE3F2E00544A007E10BE /* Assets.xcassets */,
				E361DE3E2E00544A007E10BE /* Preview Content */,
			);
			path = FP;
			sourceTree = "<group>";
		};
		E361DE482E005474007E10BE /* CouponEmail-1 */ = {
			isa = PBXGroup;
			children = (
				E361DE4E2E0056AF007E10BE /* CE2.swift */,
				E361DE492E0054BD007E10BE /* CouponEmailView.swift */,
			);
			path = "CouponEmail-1";
			sourceTree = "<group>";
		};
		E361DE4B2E005503007E10BE /* MegaMart-2 */ = {
			isa = PBXGroup;
			children = (
				E361DE502E0056C1007E10BE /* MM1.swift */,
				8A4B14BE2E024C55007D6402 /* MM2.swift */,
				E361DE4C2E0055AF007E10BE /* MegaMartView.swift */,
				8AE9D6052E0288A7007DC796 /* MM3.swift */,
				E32F0A462E04433C0082DD23 /* MM3b.swift */,
				8AA5FEF72E04F37200BD9166 /* MM4.swift */,
				E3C7C1EC2E123CD5006177BE /* MM5.swift */,
				E3234A352E18B50D00ADC1DE /* MM6.swift */,
				E32BC7FE2E1D4DE00003C473 /* MM7.swift */,
				E32622F32E1F766A00213285 /* MM8.swift */,
				E32622F62E1FB11000213285 /* MM9.swift */,
				E32622F92E213BD200213285 /* MM10_NOSwiftUI.swift */,
				E394BEB92E22A50D007488DD /* MM11.swift */,
				E32F0A482E044FE30082DD23 /* MegaMartView2.swift */,
			);
			path = "MegaMart-2";
			sourceTree = "<group>";
		};
		E3BA255F2E0797BF00F4DEA7 /* Utility */ = {
			isa = PBXGroup;
			children = (
				E3BA25622E07D8BC00F4DEA7 /* Copy.swift */,
				E3BA25602E0797C700F4DEA7 /* Array.swift */,
				8AD2A5912E08E136002DC7B8 /* Map.swift */,
			);
			path = Utility;
			sourceTree = "<group>";
		};
		E3BA25892E07DD7400F4DEA7 /* FPTests */ = {
			isa = PBXGroup;
			children = (
				E3BA25EA2E07DE8300F4DEA7 /* Utility */,
			);
			path = FPTests;
			sourceTree = "<group>";
		};
		E3BA25EA2E07DE8300F4DEA7 /* Utility */ = {
			isa = PBXGroup;
			children = (
				E376ABB62E117CD90023B408 /* ArrayTests.swift */,
				E3217ABF2E098C69002F4D80 /* MapTests.swift */,
				E3BA25EB2E07DE8C00F4DEA7 /* CopyTests.swift */,
			);
			path = Utility;
			sourceTree = "<group>";
		};
/* End PBXGroup section */

/* Begin PBXNativeTarget section */
		E361DE1C2E004F1A007E10BE /* FP */ = {
			isa = PBXNativeTarget;
			buildConfigurationList = E361DE2C2E004F1A007E10BE /* Build configuration list for PBXNativeTarget "FP" */;
			buildPhases = (
				E361DE192E004F1A007E10BE /* Sources */,
				E361DE1A2E004F1A007E10BE /* Frameworks */,
				E361DE1B2E004F1A007E10BE /* Resources */,
			);
			buildRules = (
			);
			dependencies = (
			);
			name = FP;
			packageProductDependencies = (
			);
			productName = FP;
			productReference = E361DE1D2E004F1A007E10BE /* FP.app */;
			productType = "com.apple.product-type.application";
		};
		E3BA257E2E07DCA700F4DEA7 /* FPTests */ = {
			isa = PBXNativeTarget;
			buildConfigurationList = E3BA25852E07DCA700F4DEA7 /* Build configuration list for PBXNativeTarget "FPTests" */;
			buildPhases = (
				E3BA257B2E07DCA700F4DEA7 /* Sources */,
				E3BA257C2E07DCA700F4DEA7 /* Frameworks */,
				E3BA257D2E07DCA700F4DEA7 /* Resources */,
			);
			buildRules = (
			);
			dependencies = (
				E3BA25842E07DCA700F4DEA7 /* PBXTargetDependency */,
			);
			name = FPTests;
			packageProductDependencies = (
			);
			productName = FPTests;
			productReference = E3BA257F2E07DCA700F4DEA7 /* FPTests.xctest */;
			productType = "com.apple.product-type.bundle.unit-test";
		};
/* End PBXNativeTarget section */

/* Begin PBXProject section */
		E361DE152E004F1A007E10BE /* Project object */ = {
			isa = PBXProject;
			attributes = {
				BuildIndependentTargetsInParallel = 1;
				LastSwiftUpdateCheck = 1620;
				LastUpgradeCheck = 1620;
				TargetAttributes = {
					E361DE1C2E004F1A007E10BE = {
						CreatedOnToolsVersion = 16.2;
					};
					E3BA257E2E07DCA700F4DEA7 = {
						CreatedOnToolsVersion = 16.2;
						TestTargetID = E361DE1C2E004F1A007E10BE;
					};
				};
			};
			buildConfigurationList = E361DE182E004F1A007E10BE /* Build configuration list for PBXProject "FP" */;
			developmentRegion = en;
			hasScannedForEncodings = 0;
			knownRegions = (
				en,
				Base,
			);
			mainGroup = E361DE142E004F1A007E10BE;
			minimizedProjectReferenceProxies = 1;
			preferredProjectObjectVersion = 77;
			productRefGroup = E361DE1E2E004F1A007E10BE /* Products */;
			projectDirPath = "";
			projectRoot = "";
			targets = (
				E361DE1C2E004F1A007E10BE /* FP */,
				E3BA257E2E07DCA700F4DEA7 /* FPTests */,
			);
		};
/* End PBXProject section */

/* Begin PBXResourcesBuildPhase section */
		E361DE1B2E004F1A007E10BE /* Resources */ = {
			isa = PBXResourcesBuildPhase;
			buildActionMask = 2147483647;
			files = (
				E361DE462E00544A007E10BE /* Preview Assets.xcassets in Resources */,
				E361DE472E00544A007E10BE /* Assets.xcassets in Resources */,
			);
			runOnlyForDeploymentPostprocessing = 0;
		};
		E3BA257D2E07DCA700F4DEA7 /* Resources */ = {
			isa = PBXResourcesBuildPhase;
			buildActionMask = 2147483647;
			files = (
			);
			runOnlyForDeploymentPostprocessing = 0;
		};
/* End PBXResourcesBuildPhase section */

/* Begin PBXSourcesBuildPhase section */
		E361DE192E004F1A007E10BE /* Sources */ = {
			isa = PBXSourcesBuildPhase;
			buildActionMask = 2147483647;
			files = (
				E32F0A492E044FE30082DD23 /* MegaMartView2.swift in Sources */,
				E394BEBA2E22A50D007488DD /* MM11.swift in Sources */,
				E361DE442E00544A007E10BE /* ContentView.swift in Sources */,
				E361DE4A2E0054FC007E10BE /* CouponEmailView.swift in Sources */,
				E32622FA2E213BD200213285 /* MM10_NOSwiftUI.swift in Sources */,
				E32BC7FF2E1D4DE00003C473 /* MM7.swift in Sources */,
				8AE9D6082E0288A7007DC796 /* MM3.swift in Sources */,
				E361DE512E0056C2007E10BE /* MM1.swift in Sources */,
				E32622FF2E21F8E200213285 /* FoodExample.swift in Sources */,
				E361DE4F2E0056B2007E10BE /* CE2.swift in Sources */,
				E32F0A472E04433C0082DD23 /* MM3b.swift in Sources */,
				E34261782E240EFE00B9CB74 /* WithLogging.swift in Sources */,
				E3234A362E18B50D00ADC1DE /* MM6.swift in Sources */,
				E3BA25632E07D8BF00F4DEA7 /* Copy.swift in Sources */,
				E361DE4D2E0055B5007E10BE /* MegaMartView.swift in Sources */,
				8A4B14C02E024C55007D6402 /* MM2.swift in Sources */,
				8AD2A5922E08E138002DC7B8 /* Map.swift in Sources */,
				E32622F42E1F766A00213285 /* MM8.swift in Sources */,
				E32622F72E1FB11000213285 /* MM9.swift in Sources */,
				E3BA25612E0797CA00F4DEA7 /* Array.swift in Sources */,
				E3C7C1ED2E123CD5006177BE /* MM5.swift in Sources */,
				E3EC69532E252DC600911C72 /* Arithmetic.swift in Sources */,
				8AA5FEF82E04F37200BD9166 /* MM4.swift in Sources */,
				E361DE452E00544A007E10BE /* FPApp.swift in Sources */,
			);
			runOnlyForDeploymentPostprocessing = 0;
		};
		E3BA257B2E07DCA700F4DEA7 /* Sources */ = {
			isa = PBXSourcesBuildPhase;
			buildActionMask = 2147483647;
			files = (
				E3234A372E18B50D00ADC1DE /* MM6.swift in Sources */,
				E376ABB52E11799A0023B408 /* MM2.swift in Sources */,
				E3BA25ED2E07DF4A00F4DEA7 /* Copy.swift in Sources */,
				E3C7C1EB2E122BEA006177BE /* Array.swift in Sources */,
				E3C7C1EE2E12419E006177BE /* MM5.swift in Sources */,
				8AD2A5932E08E138002DC7B8 /* Map.swift in Sources */,
				E32BC8002E1D4DE00003C473 /* MM7.swift in Sources */,
				E394BEBB2E22A50D007488DD /* MM11.swift in Sources */,
				E376ABB72E117CDE0023B408 /* ArrayTests.swift in Sources */,
				E32622F52E1F766A00213285 /* MM8.swift in Sources */,
				E32622FB2E213BD200213285 /* MM10_NOSwiftUI.swift in Sources */,
				E3217AC02E098C6B002F4D80 /* MapTests.swift in Sources */,
				E32622F82E1FB11000213285 /* MM9.swift in Sources */,
				E3BA25EC2E07DE9100F4DEA7 /* CopyTests.swift in Sources */,
			);
			runOnlyForDeploymentPostprocessing = 0;
		};
/* End PBXSourcesBuildPhase section */

/* Begin PBXTargetDependency section */
		E3BA25842E07DCA700F4DEA7 /* PBXTargetDependency */ = {
			isa = PBXTargetDependency;
			target = E361DE1C2E004F1A007E10BE /* FP */;
			targetProxy = E3BA25832E07DCA700F4DEA7 /* PBXContainerItemProxy */;
		};
/* End PBXTargetDependency section */

/* Begin XCBuildConfiguration section */
		E361DE2A2E004F1A007E10BE /* Debug */ = {
			isa = XCBuildConfiguration;
			buildSettings = {
				ALWAYS_SEARCH_USER_PATHS = NO;
				ASSETCATALOG_COMPILER_GENERATE_SWIFT_ASSET_SYMBOL_EXTENSIONS = YES;
				CLANG_ANALYZER_NONNULL = YES;
				CLANG_ANALYZER_NUMBER_OBJECT_CONVERSION = YES_AGGRESSIVE;
				CLANG_CXX_LANGUAGE_STANDARD = "gnu++20";
				CLANG_ENABLE_MODULES = YES;
				CLANG_ENABLE_OBJC_ARC = YES;
				CLANG_ENABLE_OBJC_WEAK = YES;
				CLANG_WARN_BLOCK_CAPTURE_AUTORELEASING = YES;
				CLANG_WARN_BOOL_CONVERSION = YES;
				CLANG_WARN_COMMA = YES;
				CLANG_WARN_CONSTANT_CONVERSION = YES;
				CLANG_WARN_DEPRECATED_OBJC_IMPLEMENTATIONS = YES;
				CLANG_WARN_DIRECT_OBJC_ISA_USAGE = YES_ERROR;
				CLANG_WARN_DOCUMENTATION_COMMENTS = YES;
				CLANG_WARN_EMPTY_BODY = YES;
				CLANG_WARN_ENUM_CONVERSION = YES;
				CLANG_WARN_INFINITE_RECURSION = YES;
				CLANG_WARN_INT_CONVERSION = YES;
				CLANG_WARN_NON_LITERAL_NULL_CONVERSION = YES;
				CLANG_WARN_OBJC_IMPLICIT_RETAIN_SELF = YES;
				CLANG_WARN_OBJC_LITERAL_CONVERSION = YES;
				CLANG_WARN_OBJC_ROOT_CLASS = YES_ERROR;
				CLANG_WARN_QUOTED_INCLUDE_IN_FRAMEWORK_HEADER = YES;
				CLANG_WARN_RANGE_LOOP_ANALYSIS = YES;
				CLANG_WARN_STRICT_PROTOTYPES = YES;
				CLANG_WARN_SUSPICIOUS_MOVE = YES;
				CLANG_WARN_UNGUARDED_AVAILABILITY = YES_AGGRESSIVE;
				CLANG_WARN_UNREACHABLE_CODE = YES;
				CLANG_WARN__DUPLICATE_METHOD_MATCH = YES;
				COPY_PHASE_STRIP = NO;
				DEBUG_INFORMATION_FORMAT = dwarf;
				ENABLE_STRICT_OBJC_MSGSEND = YES;
				ENABLE_TESTABILITY = YES;
				ENABLE_USER_SCRIPT_SANDBOXING = YES;
				GCC_C_LANGUAGE_STANDARD = gnu17;
				GCC_DYNAMIC_NO_PIC = NO;
				GCC_NO_COMMON_BLOCKS = YES;
				GCC_OPTIMIZATION_LEVEL = 0;
				GCC_PREPROCESSOR_DEFINITIONS = (
					"DEBUG=1",
					"$(inherited)",
				);
				GCC_WARN_64_TO_32_BIT_CONVERSION = YES;
				GCC_WARN_ABOUT_RETURN_TYPE = YES_ERROR;
				GCC_WARN_UNDECLARED_SELECTOR = YES;
				GCC_WARN_UNINITIALIZED_AUTOS = YES_AGGRESSIVE;
				GCC_WARN_UNUSED_FUNCTION = YES;
				GCC_WARN_UNUSED_VARIABLE = YES;
				LOCALIZATION_PREFERS_STRING_CATALOGS = YES;
				MACOSX_DEPLOYMENT_TARGET = 15.2;
				MTL_ENABLE_DEBUG_INFO = INCLUDE_SOURCE;
				MTL_FAST_MATH = YES;
				ONLY_ACTIVE_ARCH = YES;
				SDKROOT = macosx;
				SWIFT_ACTIVE_COMPILATION_CONDITIONS = "DEBUG $(inherited)";
				SWIFT_OPTIMIZATION_LEVEL = "-Onone";
			};
			name = Debug;
		};
		E361DE2B2E004F1A007E10BE /* Release */ = {
			isa = XCBuildConfiguration;
			buildSettings = {
				ALWAYS_SEARCH_USER_PATHS = NO;
				ASSETCATALOG_COMPILER_GENERATE_SWIFT_ASSET_SYMBOL_EXTENSIONS = YES;
				CLANG_ANALYZER_NONNULL = YES;
				CLANG_ANALYZER_NUMBER_OBJECT_CONVERSION = YES_AGGRESSIVE;
				CLANG_CXX_LANGUAGE_STANDARD = "gnu++20";
				CLANG_ENABLE_MODULES = YES;
				CLANG_ENABLE_OBJC_ARC = YES;
				CLANG_ENABLE_OBJC_WEAK = YES;
				CLANG_WARN_BLOCK_CAPTURE_AUTORELEASING = YES;
				CLANG_WARN_BOOL_CONVERSION = YES;
				CLANG_WARN_COMMA = YES;
				CLANG_WARN_CONSTANT_CONVERSION = YES;
				CLANG_WARN_DEPRECATED_OBJC_IMPLEMENTATIONS = YES;
				CLANG_WARN_DIRECT_OBJC_ISA_USAGE = YES_ERROR;
				CLANG_WARN_DOCUMENTATION_COMMENTS = YES;
				CLANG_WARN_EMPTY_BODY = YES;
				CLANG_WARN_ENUM_CONVERSION = YES;
				CLANG_WARN_INFINITE_RECURSION = YES;
				CLANG_WARN_INT_CONVERSION = YES;
				CLANG_WARN_NON_LITERAL_NULL_CONVERSION = YES;
				CLANG_WARN_OBJC_IMPLICIT_RETAIN_SELF = YES;
				CLANG_WARN_OBJC_LITERAL_CONVERSION = YES;
				CLANG_WARN_OBJC_ROOT_CLASS = YES_ERROR;
				CLANG_WARN_QUOTED_INCLUDE_IN_FRAMEWORK_HEADER = YES;
				CLANG_WARN_RANGE_LOOP_ANALYSIS = YES;
				CLANG_WARN_STRICT_PROTOTYPES = YES;
				CLANG_WARN_SUSPICIOUS_MOVE = YES;
				CLANG_WARN_UNGUARDED_AVAILABILITY = YES_AGGRESSIVE;
				CLANG_WARN_UNREACHABLE_CODE = YES;
				CLANG_WARN__DUPLICATE_METHOD_MATCH = YES;
				COPY_PHASE_STRIP = NO;
				DEBUG_INFORMATION_FORMAT = "dwarf-with-dsym";
				ENABLE_NS_ASSERTIONS = NO;
				ENABLE_STRICT_OBJC_MSGSEND = YES;
				ENABLE_USER_SCRIPT_SANDBOXING = YES;
				GCC_C_LANGUAGE_STANDARD = gnu17;
				GCC_NO_COMMON_BLOCKS = YES;
				GCC_WARN_64_TO_32_BIT_CONVERSION = YES;
				GCC_WARN_ABOUT_RETURN_TYPE = YES_ERROR;
				GCC_WARN_UNDECLARED_SELECTOR = YES;
				GCC_WARN_UNINITIALIZED_AUTOS = YES_AGGRESSIVE;
				GCC_WARN_UNUSED_FUNCTION = YES;
				GCC_WARN_UNUSED_VARIABLE = YES;
				LOCALIZATION_PREFERS_STRING_CATALOGS = YES;
				MACOSX_DEPLOYMENT_TARGET = 15.2;
				MTL_ENABLE_DEBUG_INFO = NO;
				MTL_FAST_MATH = YES;
				SDKROOT = macosx;
				SWIFT_COMPILATION_MODE = wholemodule;
			};
			name = Release;
		};
		E361DE2D2E004F1A007E10BE /* Debug */ = {
			isa = XCBuildConfiguration;
			buildSettings = {
				ASSETCATALOG_COMPILER_APPICON_NAME = AppIcon;
				ASSETCATALOG_COMPILER_GLOBAL_ACCENT_COLOR_NAME = AccentColor;
				CODE_SIGN_ENTITLEMENTS = FP/FP.entitlements;
				CODE_SIGN_STYLE = Automatic;
				COMBINE_HIDPI_IMAGES = YES;
				CURRENT_PROJECT_VERSION = 1;
				DEVELOPMENT_ASSET_PATHS = "\"FP/Preview Content\"";
				ENABLE_PREVIEWS = YES;
				GENERATE_INFOPLIST_FILE = YES;
				INFOPLIST_KEY_NSHumanReadableCopyright = "";
				LD_RUNPATH_SEARCH_PATHS = (
					"$(inherited)",
					"@executable_path/../Frameworks",
				);
				MARKETING_VERSION = 1.0;
				PRODUCT_BUNDLE_IDENTIFIER = ke.FP;
				PRODUCT_NAME = "$(TARGET_NAME)";
				SWIFT_EMIT_LOC_STRINGS = YES;
				SWIFT_VERSION = 5.0;
			};
			name = Debug;
		};
		E361DE2E2E004F1A007E10BE /* Release */ = {
			isa = XCBuildConfiguration;
			buildSettings = {
				ASSETCATALOG_COMPILER_APPICON_NAME = AppIcon;
				ASSETCATALOG_COMPILER_GLOBAL_ACCENT_COLOR_NAME = AccentColor;
				CODE_SIGN_ENTITLEMENTS = FP/FP.entitlements;
				CODE_SIGN_STYLE = Automatic;
				COMBINE_HIDPI_IMAGES = YES;
				CURRENT_PROJECT_VERSION = 1;
				DEVELOPMENT_ASSET_PATHS = "\"FP/Preview Content\"";
				ENABLE_PREVIEWS = YES;
				GENERATE_INFOPLIST_FILE = YES;
				INFOPLIST_KEY_NSHumanReadableCopyright = "";
				LD_RUNPATH_SEARCH_PATHS = (
					"$(inherited)",
					"@executable_path/../Frameworks",
				);
				MARKETING_VERSION = 1.0;
				PRODUCT_BUNDLE_IDENTIFIER = ke.FP;
				PRODUCT_NAME = "$(TARGET_NAME)";
				SWIFT_EMIT_LOC_STRINGS = YES;
				SWIFT_VERSION = 5.0;
			};
			name = Release;
		};
		E3BA25862E07DCA700F4DEA7 /* Debug */ = {
			isa = XCBuildConfiguration;
			buildSettings = {
				BUNDLE_LOADER = "$(TEST_HOST)";
				CODE_SIGN_STYLE = Automatic;
				CURRENT_PROJECT_VERSION = 1;
				GENERATE_INFOPLIST_FILE = YES;
				MARKETING_VERSION = 1.0;
				PRODUCT_BUNDLE_IDENTIFIER = ke.FPTests;
				PRODUCT_NAME = "$(TARGET_NAME)";
				SWIFT_EMIT_LOC_STRINGS = NO;
				SWIFT_VERSION = 5.0;
				TEST_HOST = "$(BUILT_PRODUCTS_DIR)/FP.app/$(BUNDLE_EXECUTABLE_FOLDER_PATH)/FP";
			};
			name = Debug;
		};
		E3BA25872E07DCA700F4DEA7 /* Release */ = {
			isa = XCBuildConfiguration;
			buildSettings = {
				BUNDLE_LOADER = "$(TEST_HOST)";
				CODE_SIGN_STYLE = Automatic;
				CURRENT_PROJECT_VERSION = 1;
				GENERATE_INFOPLIST_FILE = YES;
				MARKETING_VERSION = 1.0;
				PRODUCT_BUNDLE_IDENTIFIER = ke.FPTests;
				PRODUCT_NAME = "$(TARGET_NAME)";
				SWIFT_EMIT_LOC_STRINGS = NO;
				SWIFT_VERSION = 5.0;
				TEST_HOST = "$(BUILT_PRODUCTS_DIR)/FP.app/$(BUNDLE_EXECUTABLE_FOLDER_PATH)/FP";
			};
			name = Release;
		};
/* End XCBuildConfiguration section */

/* Begin XCConfigurationList section */
		E361DE182E004F1A007E10BE /* Build configuration list for PBXProject "FP" */ = {
			isa = XCConfigurationList;
			buildConfigurations = (
				E361DE2A2E004F1A007E10BE /* Debug */,
				E361DE2B2E004F1A007E10BE /* Release */,
			);
			defaultConfigurationIsVisible = 0;
			defaultConfigurationName = Release;
		};
		E361DE2C2E004F1A007E10BE /* Build configuration list for PBXNativeTarget "FP" */ = {
			isa = XCConfigurationList;
			buildConfigurations = (
				E361DE2D2E004F1A007E10BE /* Debug */,
				E361DE2E2E004F1A007E10BE /* Release */,
			);
			defaultConfigurationIsVisible = 0;
			defaultConfigurationName = Release;
		};
		E3BA25852E07DCA700F4DEA7 /* Build configuration list for PBXNativeTarget "FPTests" */ = {
			isa = XCConfigurationList;
			buildConfigurations = (
				E3BA25862E07DCA700F4DEA7 /* Debug */,
				E3BA25872E07DCA700F4DEA7 /* Release */,
			);
			defaultConfigurationIsVisible = 0;
			defaultConfigurationName = Release;
		};
/* End XCConfigurationList section */
	};
	rootObject = E361DE152E004F1A007E10BE /* Project object */;
}
